
Microsoft Visual Studio Solution File, Format Version 12.00
# Visual Studio Version 17
VisualStudioVersion = 17.11.35327.3
MinimumVisualStudioVersion = 10.0.40219.1
Project("{FAE04EC0-301F-11D3-BF4B-00C04F79EFBC}") = "SumaAppMvvm", "SumaAppMvvm\SumaAppMvvm.csproj", "{5AE89F2C-D2B6-419D-82A3-EB02A67647E3}"
EndProject
Global
	GlobalSection(SolutionConfigurationPlatforms) = preSolution
		Debug|Any CPU = Debug|Any CPU
		Release|Any CPU = Release|Any CPU
	EndGlobalSection
	GlobalSection(ProjectConfigurationPlatforms) = postSolution
		{5AE89F2C-D2B6-419D-82A3-EB02A67647E3}.Debug|Any CPU.ActiveCfg = Debug|Any CPU
		{5AE89F2C-D2B6-419D-82A3-EB02A67647E3}.Debug|Any CPU.Build.0 = Debug|Any CPU
		{5AE89F2C-D2B6-419D-82A3-EB02A67647E3}.Debug|Any CPU.Deploy.0 = Debug|Any CPU
		{5AE89F2C-D2B6-419D-82A3-EB02A67647E3}.Release|Any CPU.ActiveCfg = Release|Any CPU
		{5AE89F2C-D2B6-419D-82A3-EB02A67647E3}.Release|Any CPU.Build.0 = Release|Any CPU
		{5AE89F2C-D2B6-419D-82A3-EB02A67647E3}.Release|Any CPU.Deploy.0 = Release|Any CPU
	EndGlobalSection
	GlobalSection(SolutionProperties) = preSolution
		HideSolutionNode = FALSE
	EndGlobalSection
	GlobalSection(ExtensibilityGlobals) = postSolution
		SolutionGuid = {76B83F45-1198-4FD2-A066-F25B904C2A58}
	EndGlobalSection
EndGlobal
